
Microsoft Visual Studio Solution File, Format Version 12.00
Project("{FAE04EC0-301F-11D3-BF4B-00C04F79EFBC}") = "WpfApp1", "WpfApp1\WpfApp1.csproj", "{947140CB-98E3-492D-9399-A17A64B2E434}"
EndProject
Global
	GlobalSection(SolutionConfigurationPlatforms) = preSolution
		Debug|Any CPU = Debug|Any CPU
		Release|Any CPU = Release|Any CPU
	EndGlobalSection
	GlobalSection(ProjectConfigurationPlatforms) = postSolution
		{947140CB-98E3-492D-9399-A17A64B2E434}.Debug|Any CPU.ActiveCfg = Debug|Any CPU
		{947140CB-98E3-492D-9399-A17A64B2E434}.Debug|Any CPU.Build.0 = Debug|Any CPU
		{947140CB-98E3-492D-9399-A17A64B2E434}.Release|Any CPU.ActiveCfg = Release|Any CPU
		{947140CB-98E3-492D-9399-A17A64B2E434}.Release|Any CPU.Build.0 = Release|Any CPU
	EndGlobalSection
EndGlobal
